// !$*UTF8*$!
{
	archiveVersion = 1;
	classes = {
	};
	objectVersion = 46;
	objects = {

/* Begin PBXAggregateTarget section */
		E3E9EB0E51804C8AA63C7036 /* ALL_BUILD */ = {
			isa = PBXAggregateTarget;
			buildConfigurationList = 05F33DAAAC4C49D9B5F62AE0 /* Build configuration list for PBXAggregateTarget "ALL_BUILD" */;
			buildPhases = (
				53CFD5EA29D843CBBA70D504 /* CMake Rules */,
			);
			dependencies = (
				FBE5EE9FBEA54B9CBB510805 /* PBXTargetDependency */,
				CC0EA30AE95343909079BD74 /* PBXTargetDependency */,
			);
			name = ALL_BUILD;
			productName = ALL_BUILD;
		};
		E559E28B423B4753919D0A52 /* ZERO_CHECK */ = {
			isa = PBXAggregateTarget;
			buildConfigurationList = 0E4844C5163E42A084964E00 /* Build configuration list for PBXAggregateTarget "ZERO_CHECK" */;
			buildPhases = (
				929BF43E794F419EBC99ED57 /* CMake Rules */,
			);
			dependencies = (
			);
			name = ZERO_CHECK;
			productName = ZERO_CHECK;
		};
/* End PBXAggregateTarget section */

/* Begin PBXBuildFile section */
		4066073A48E04442A7200A08 /* /Users/macbook/Udacity/SelfDriving/Term3/CarND-Path-Planning-Project/src/spline.h */ = {isa = PBXBuildFile; fileRef = 76CF15701B474362ADAF94BA /* /Users/macbook/Udacity/SelfDriving/Term3/CarND-Path-Planning-Project/src/spline.h */; };
		960AB1E5EB02454091CF3DC7 /* /Users/macbook/Udacity/SelfDriving/Term3/CarND-Path-Planning-Project/src/main.cpp */ = {isa = PBXBuildFile; fileRef = 9796CABEE46E4DFC9964DAD3 /* /Users/macbook/Udacity/SelfDriving/Term3/CarND-Path-Planning-Project/src/main.cpp */; };
		B1D56B3056E841C5B2B303C5 /* /Users/macbook/Udacity/SelfDriving/Term3/CarND-Path-Planning-Project/CMakeLists.txt */ = {isa = PBXBuildFile; fileRef = 2DF2D90F2C3145E6A570B0E2 /* /Users/macbook/Udacity/SelfDriving/Term3/CarND-Path-Planning-Project/CMakeLists.txt */; };
/* End PBXBuildFile section */

/* Begin PBXBuildStyle section */
		0A5146AA48AF45029FFC7930 /* RelWithDebInfo */ = {
			isa = PBXBuildStyle;
			buildSettings = {
				COPY_PHASE_STRIP = NO;
			};
			name = RelWithDebInfo;
		};
		3BD5CD63EFAD484F8A24466A /* MinSizeRel */ = {
			isa = PBXBuildStyle;
			buildSettings = {
				COPY_PHASE_STRIP = NO;
			};
			name = MinSizeRel;
		};
		7A1EAFB2E153405F9690994B /* Debug */ = {
			isa = PBXBuildStyle;
			buildSettings = {
				COPY_PHASE_STRIP = NO;
			};
			name = Debug;
		};
		D693CD1EEEA44699B9E7DDC8 /* Release */ = {
			isa = PBXBuildStyle;
			buildSettings = {
				COPY_PHASE_STRIP = NO;
			};
			name = Release;
		};
/* End PBXBuildStyle section */

/* Begin PBXContainerItemProxy section */
		44AB3FB77AE54221B2CFD59D /* PBXContainerItemProxy */ = {
			isa = PBXContainerItemProxy;
			containerPortal = 400D9F3DCDFD4A8082593598 /* Project object */;
			proxyType = 1;
			remoteGlobalIDString = 3F0020C12A9146F0B83AEF04;
			remoteInfo = path_planning;
		};
		577303EA2E4C4EDBB19BAF83 /* PBXContainerItemProxy */ = {
			isa = PBXContainerItemProxy;
			containerPortal = 400D9F3DCDFD4A8082593598 /* Project object */;
			proxyType = 1;
			remoteGlobalIDString = E559E28B423B4753919D0A52;
			remoteInfo = ZERO_CHECK;
		};
		7B58C8A9298B4321AA6E6B8A /* PBXContainerItemProxy */ = {
			isa = PBXContainerItemProxy;
			containerPortal = 400D9F3DCDFD4A8082593598 /* Project object */;
			proxyType = 1;
			remoteGlobalIDString = E559E28B423B4753919D0A52;
			remoteInfo = ZERO_CHECK;
		};
/* End PBXContainerItemProxy section */

/* Begin PBXFileReference section */
		0E00A659838246A8A1CCEE3D /* /Users/macbook/Udacity/SelfDriving/Term3/CarND-Path-Planning-Project/CMakeLists.txt */ = {isa = PBXFileReference; explicitFileType = sourcecode.text; fileEncoding = 4; name = CMakeLists.txt; path = CMakeLists.txt; sourceTree = SOURCE_ROOT; };
		2DF2D90F2C3145E6A570B0E2 /* /Users/macbook/Udacity/SelfDriving/Term3/CarND-Path-Planning-Project/CMakeLists.txt */ = {isa = PBXFileReference; explicitFileType = sourcecode.text; fileEncoding = 4; name = CMakeLists.txt; path = CMakeLists.txt; sourceTree = SOURCE_ROOT; };
		362407C594A244FD896613F8 /* path_planning */ = {isa = PBXFileReference; explicitFileType = "compiled.mach-o.executable"; path = path_planning; sourceTree = BUILT_PRODUCTS_DIR; };
		40220E5EA884407CB2AD913F /* /Users/macbook/Udacity/SelfDriving/Term3/CarND-Path-Planning-Project/CMakeLists.txt */ = {isa = PBXFileReference; explicitFileType = sourcecode.text; fileEncoding = 4; name = CMakeLists.txt; path = CMakeLists.txt; sourceTree = SOURCE_ROOT; };
		76CF15701B474362ADAF94BA /* /Users/macbook/Udacity/SelfDriving/Term3/CarND-Path-Planning-Project/src/spline.h */ = {isa = PBXFileReference; explicitFileType = sourcecode.c.h; fileEncoding = 4; name = spline.h; path = src/spline.h; sourceTree = SOURCE_ROOT; };
		9796CABEE46E4DFC9964DAD3 /* /Users/macbook/Udacity/SelfDriving/Term3/CarND-Path-Planning-Project/src/main.cpp */ = {isa = PBXFileReference; explicitFileType = sourcecode.cpp.cpp; fileEncoding = 4; name = main.cpp; path = src/main.cpp; sourceTree = SOURCE_ROOT; };
/* End PBXFileReference section */

/* Begin PBXGroup section */
		20131C42695543C28A6E3BC3 /* path_planning */ = {
			isa = PBXGroup;
			children = (
				81DD7D43E070403698547C1D /* Source Files */,
				35A274F6EDB84A8090282346 /* Header Files */,
				2DF2D90F2C3145E6A570B0E2 /* /Users/macbook/Udacity/SelfDriving/Term3/CarND-Path-Planning-Project/CMakeLists.txt */,
			);
			name = path_planning;
			sourceTree = "<group>";
		};
		34C40D3AD7BC4661B712D9E6 /* CMake Rules */ = {
			isa = PBXGroup;
			children = (
			);
			name = "CMake Rules";
			sourceTree = "<group>";
		};
		35A274F6EDB84A8090282346 /* Header Files */ = {
			isa = PBXGroup;
			children = (
				76CF15701B474362ADAF94BA /* /Users/macbook/Udacity/SelfDriving/Term3/CarND-Path-Planning-Project/src/spline.h */,
			);
			name = "Header Files";
			sourceTree = "<group>";
		};
		416E4456DD4F453D9977A7BF /* CMake Rules */ = {
			isa = PBXGroup;
			children = (
			);
			name = "CMake Rules";
			sourceTree = "<group>";
		};
		58606C6FECEF4626BF1457A7 /* ALL_BUILD */ = {
			isa = PBXGroup;
			children = (
				416E4456DD4F453D9977A7BF /* CMake Rules */,
				40220E5EA884407CB2AD913F /* /Users/macbook/Udacity/SelfDriving/Term3/CarND-Path-Planning-Project/CMakeLists.txt */,
			);
			name = ALL_BUILD;
			sourceTree = "<group>";
		};
		81DD7D43E070403698547C1D /* Source Files */ = {
			isa = PBXGroup;
			children = (
				9796CABEE46E4DFC9964DAD3 /* /Users/macbook/Udacity/SelfDriving/Term3/CarND-Path-Planning-Project/src/main.cpp */,
			);
			name = "Source Files";
			sourceTree = "<group>";
		};
		E1C46D99F33E479AA28EAFFE /* ZERO_CHECK */ = {
			isa = PBXGroup;
			children = (
				34C40D3AD7BC4661B712D9E6 /* CMake Rules */,
				0E00A659838246A8A1CCEE3D /* /Users/macbook/Udacity/SelfDriving/Term3/CarND-Path-Planning-Project/CMakeLists.txt */,
			);
			name = ZERO_CHECK;
			sourceTree = "<group>";
		};
		FDCA4F5FBC8D46AF9FCF8ADA /* Products */ = {
			isa = PBXGroup;
			children = (
				362407C594A244FD896613F8 /* path_planning */,
			);
			name = Products;
			sourceTree = "<group>";
		};
		FE5D92B9A5EC4FBCAB32C921 = {
			isa = PBXGroup;
			children = (
				20131C42695543C28A6E3BC3 /* path_planning */,
				58606C6FECEF4626BF1457A7 /* ALL_BUILD */,
				E1C46D99F33E479AA28EAFFE /* ZERO_CHECK */,
				FDCA4F5FBC8D46AF9FCF8ADA /* Products */,
			);
			sourceTree = "<group>";
		};
/* End PBXGroup section */

/* Begin PBXNativeTarget section */
		3F0020C12A9146F0B83AEF04 /* path_planning */ = {
			isa = PBXNativeTarget;
			buildConfigurationList = E180A70F17644CC6AB83DB74 /* Build configuration list for PBXNativeTarget "path_planning" */;
			buildPhases = (
				DB2591A198BC4D9AA4028B3C /* Sources */,
			);
			buildRules = (
			);
			dependencies = (
				FB0FADEFBE594635BEB33B72 /* PBXTargetDependency */,
			);
			name = path_planning;
			productName = path_planning;
			productReference = 362407C594A244FD896613F8 /* path_planning */;
			productType = "com.apple.product-type.tool";
		};
/* End PBXNativeTarget section */

/* Begin PBXProject section */
		400D9F3DCDFD4A8082593598 /* Project object */ = {
			isa = PBXProject;
			attributes = {
				BuildIndependentTargetsInParallel = YES;
				LastUpgradeCheck = 0920;
			};
			buildConfigurationList = E6049DF838084D75BF042CD0 /* Build configuration list for PBXProject "Path_Planning" */;
			buildSettings = {
			};
			buildStyles = (
				7A1EAFB2E153405F9690994B /* Debug */,
				D693CD1EEEA44699B9E7DDC8 /* Release */,
				3BD5CD63EFAD484F8A24466A /* MinSizeRel */,
				0A5146AA48AF45029FFC7930 /* RelWithDebInfo */,
			);
			compatibilityVersion = "Xcode 3.2";
			hasScannedForEncodings = 0;
			mainGroup = FE5D92B9A5EC4FBCAB32C921;
			projectDirPath = .;
			projectRoot = "";
			targets = (
				E3E9EB0E51804C8AA63C7036 /* ALL_BUILD */,
				E559E28B423B4753919D0A52 /* ZERO_CHECK */,
				3F0020C12A9146F0B83AEF04 /* path_planning */,
			);
		};
/* End PBXProject section */

/* Begin PBXShellScriptBuildPhase section */
		23E0F69BF6714A03B14EED48 = {
			isa = PBXShellScriptBuildPhase;
			buildActionMask = 2147483647;
			files = (
			);
			inputPaths = (
			);
			outputPaths = (
			);
			runOnlyForDeploymentPostprocessing = 0;
			shellPath = /bin/sh;
			shellScript = "# shell script goes here
exit 0";
			showEnvVarsInLog = 0;
		};
		53CFD5EA29D843CBBA70D504 /* CMake Rules */ = {
			isa = PBXShellScriptBuildPhase;
			buildActionMask = 2147483647;
			files = (
			);
			name = "CMake Rules";
			runOnlyForDeploymentPostprocessing = 0;
			shellPath = /bin/sh;
			shellScript = "make -C /Users/macbook/Udacity/SelfDriving/Term3/CarND-Path-Planning-Project -f /Users/macbook/Udacity/SelfDriving/Term3/CarND-Path-Planning-Project/CMakeScripts/ALL_BUILD_cmakeRulesBuildPhase.make$CONFIGURATION all";
			showEnvVarsInLog = 0;
		};
		5F1545C18E2C48AFB30964E0 = {
			isa = PBXShellScriptBuildPhase;
			buildActionMask = 2147483647;
			files = (
			);
			inputPaths = (
			);
			outputPaths = (
			);
			runOnlyForDeploymentPostprocessing = 0;
			shellPath = /bin/sh;
			shellScript = "# shell script goes here
exit 0";
			showEnvVarsInLog = 0;
		};
		929BF43E794F419EBC99ED57 /* CMake Rules */ = {
			isa = PBXShellScriptBuildPhase;
			buildActionMask = 2147483647;
			files = (
			);
			name = "CMake Rules";
			runOnlyForDeploymentPostprocessing = 0;
			shellPath = /bin/sh;
			shellScript = "make -C /Users/macbook/Udacity/SelfDriving/Term3/CarND-Path-Planning-Project -f /Users/macbook/Udacity/SelfDriving/Term3/CarND-Path-Planning-Project/CMakeScripts/ZERO_CHECK_cmakeRulesBuildPhase.make$CONFIGURATION all";
			showEnvVarsInLog = 0;
		};
/* End PBXShellScriptBuildPhase section */

/* Begin PBXSourcesBuildPhase section */
		DB2591A198BC4D9AA4028B3C /* Sources */ = {
			isa = PBXSourcesBuildPhase;
			buildActionMask = 2147483647;
			files = (
				960AB1E5EB02454091CF3DC7 /* /Users/macbook/Udacity/SelfDriving/Term3/CarND-Path-Planning-Project/src/main.cpp */,
			);
			runOnlyForDeploymentPostprocessing = 0;
		};
/* End PBXSourcesBuildPhase section */

/* Begin PBXTargetDependency section */
		CC0EA30AE95343909079BD74 /* PBXTargetDependency */ = {
			isa = PBXTargetDependency;
			target = E559E28B423B4753919D0A52 /* ZERO_CHECK */;
			targetProxy = 577303EA2E4C4EDBB19BAF83 /* PBXContainerItemProxy */;
		};
		FB0FADEFBE594635BEB33B72 /* PBXTargetDependency */ = {
			isa = PBXTargetDependency;
			target = E559E28B423B4753919D0A52 /* ZERO_CHECK */;
			targetProxy = 7B58C8A9298B4321AA6E6B8A /* PBXContainerItemProxy */;
		};
		FBE5EE9FBEA54B9CBB510805 /* PBXTargetDependency */ = {
			isa = PBXTargetDependency;
			target = 3F0020C12A9146F0B83AEF04 /* path_planning */;
			targetProxy = 44AB3FB77AE54221B2CFD59D /* PBXContainerItemProxy */;
		};
/* End PBXTargetDependency section */

/* Begin XCBuildConfiguration section */
		0445C45D975844A4A5BD060C /* RelWithDebInfo */ = {
			isa = XCBuildConfiguration;
			buildSettings = {
				COMBINE_HIDPI_IMAGES = YES;
				GCC_GENERATE_DEBUGGING_SYMBOLS = YES;
				GCC_INLINES_ARE_PRIVATE_EXTERN = NO;
				GCC_OPTIMIZATION_LEVEL = 0;
				GCC_PREPROCESSOR_DEFINITIONS = ("'CMAKE_INTDIR=\"$(CONFIGURATION)$(EFFECTIVE_PLATFORM_NAME)\"'");
				GCC_SYMBOLS_PRIVATE_EXTERN = NO;
				HEADER_SEARCH_PATHS = (/usr/local/include,/usr/local/opt/openssl/include);
				INSTALL_PATH = "";
				OTHER_LDFLAGS = " ";
				OTHER_REZFLAGS = "";
				PRODUCT_NAME = ALL_BUILD;
				SECTORDER_FLAGS = "";
				SYMROOT = "/Users/macbook/Udacity/SelfDriving/Term3/CarND-Path-Planning-Project";
				USE_HEADERMAP = NO;
				WARNING_CFLAGS = ("-Wmost","-Wno-four-char-constants","-Wno-unknown-pragmas","$(inherited)");
			};
			name = RelWithDebInfo;
		};
		113C939D44EE44A4AA508459 /* Release */ = {
			isa = XCBuildConfiguration;
			buildSettings = {
				COMBINE_HIDPI_IMAGES = YES;
				GCC_GENERATE_DEBUGGING_SYMBOLS = YES;
				GCC_INLINES_ARE_PRIVATE_EXTERN = NO;
				GCC_OPTIMIZATION_LEVEL = 0;
				GCC_PREPROCESSOR_DEFINITIONS = ("'CMAKE_INTDIR=\"$(CONFIGURATION)$(EFFECTIVE_PLATFORM_NAME)\"'");
				GCC_SYMBOLS_PRIVATE_EXTERN = NO;
				HEADER_SEARCH_PATHS = (/usr/local/include,/usr/local/opt/openssl/include);
				INSTALL_PATH = "";
				OTHER_LDFLAGS = " ";
				OTHER_REZFLAGS = "";
				PRODUCT_NAME = ZERO_CHECK;
				SECTORDER_FLAGS = "";
				SYMROOT = "/Users/macbook/Udacity/SelfDriving/Term3/CarND-Path-Planning-Project";
				USE_HEADERMAP = NO;
				WARNING_CFLAGS = ("-Wmost","-Wno-four-char-constants","-Wno-unknown-pragmas","$(inherited)");
			};
			name = Release;
		};
		302B3EBAEC1349CD96E658AE /* Release */ = {
			isa = XCBuildConfiguration;
			buildSettings = {
				COMBINE_HIDPI_IMAGES = YES;
				EXECUTABLE_PREFIX = "";
				EXECUTABLE_SUFFIX = "";
				GCC_GENERATE_DEBUGGING_SYMBOLS = NO;
				GCC_INLINES_ARE_PRIVATE_EXTERN = NO;
				GCC_OPTIMIZATION_LEVEL = 3;
				GCC_PREPROCESSOR_DEFINITIONS = ("'CMAKE_INTDIR=\"$(CONFIGURATION)$(EFFECTIVE_PLATFORM_NAME)\"'");
				GCC_SYMBOLS_PRIVATE_EXTERN = NO;
				HEADER_SEARCH_PATHS = (/usr/local/include,/usr/local/opt/openssl/include);
				INSTALL_PATH = "";
				LD_RUNPATH_SEARCH_PATHS = "/usr/local/lib /usr/local/opt/openssl/lib /usr/local/Cellar/libuv/1.11.0/lib";
				LIBRARY_SEARCH_PATHS = " /usr/local/lib/$(CONFIGURATION)$(EFFECTIVE_PLATFORM_NAME) /usr/local/lib /usr/local/opt/openssl/lib/$(CONFIGURATION)$(EFFECTIVE_PLATFORM_NAME) /usr/local/opt/openssl/lib /usr/local/Cellar/libuv/1.11.0/lib/$(CONFIGURATION)$(EFFECTIVE_PLATFORM_NAME) /usr/local/Cellar/libuv/1.11.0/lib";
				OTHER_CPLUSPLUSFLAGS = "    -DNDEBUG   -std=c++11";
				OTHER_LDFLAGS = " -Wl,-search_paths_first -Wl,-headerpad_max_install_names  -lz -lssl -luv -luWS";
				OTHER_REZFLAGS = "";
				PRODUCT_NAME = path_planning;
				SECTORDER_FLAGS = "";
				SYMROOT = "/Users/macbook/Udacity/SelfDriving/Term3/CarND-Path-Planning-Project";
				USE_HEADERMAP = NO;
				WARNING_CFLAGS = ("-Wmost","-Wno-four-char-constants","-Wno-unknown-pragmas","$(inherited)");
			};
			name = Release;
		};
		3163029146C04C829B479584 /* Release */ = {
			isa = XCBuildConfiguration;
			buildSettings = {
				ONLY_ACTIVE_ARCH = YES;
				SDKROOT = /Applications/Xcode.app/Contents/Developer/Platforms/MacOSX.platform/Developer/SDKs/MacOSX10.13.sdk;
				SYMROOT = "/Users/macbook/Udacity/SelfDriving/Term3/CarND-Path-Planning-Project/build";
			};
			name = Release;
		};
		40703917E09E4595A8CFF354 /* Debug */ = {
			isa = XCBuildConfiguration;
			buildSettings = {
				ONLY_ACTIVE_ARCH = YES;
				SDKROOT = /Applications/Xcode.app/Contents/Developer/Platforms/MacOSX.platform/Developer/SDKs/MacOSX10.13.sdk;
				SYMROOT = "/Users/macbook/Udacity/SelfDriving/Term3/CarND-Path-Planning-Project/build";
			};
			name = Debug;
		};
		5DCA76191E3E4246B7904C50 /* Debug */ = {
			isa = XCBuildConfiguration;
			buildSettings = {
				COMBINE_HIDPI_IMAGES = YES;
				GCC_GENERATE_DEBUGGING_SYMBOLS = YES;
				GCC_INLINES_ARE_PRIVATE_EXTERN = NO;
				GCC_OPTIMIZATION_LEVEL = 0;
				GCC_PREPROCESSOR_DEFINITIONS = ("'CMAKE_INTDIR=\"$(CONFIGURATION)$(EFFECTIVE_PLATFORM_NAME)\"'");
				GCC_SYMBOLS_PRIVATE_EXTERN = NO;
				HEADER_SEARCH_PATHS = (/usr/local/include,/usr/local/opt/openssl/include);
				INSTALL_PATH = "";
				OTHER_LDFLAGS = " ";
				OTHER_REZFLAGS = "";
				PRODUCT_NAME = ZERO_CHECK;
				SECTORDER_FLAGS = "";
				SYMROOT = "/Users/macbook/Udacity/SelfDriving/Term3/CarND-Path-Planning-Project";
				USE_HEADERMAP = NO;
				WARNING_CFLAGS = ("-Wmost","-Wno-four-char-constants","-Wno-unknown-pragmas","$(inherited)");
			};
			name = Debug;
		};
		7FAD7F7B4761470DB4C39775 /* RelWithDebInfo */ = {
			isa = XCBuildConfiguration;
			buildSettings = {
				COMBINE_HIDPI_IMAGES = YES;
				GCC_GENERATE_DEBUGGING_SYMBOLS = YES;
				GCC_INLINES_ARE_PRIVATE_EXTERN = NO;
				GCC_OPTIMIZATION_LEVEL = 0;
				GCC_PREPROCESSOR_DEFINITIONS = ("'CMAKE_INTDIR=\"$(CONFIGURATION)$(EFFECTIVE_PLATFORM_NAME)\"'");
				GCC_SYMBOLS_PRIVATE_EXTERN = NO;
				HEADER_SEARCH_PATHS = (/usr/local/include,/usr/local/opt/openssl/include);
				INSTALL_PATH = "";
				OTHER_LDFLAGS = " ";
				OTHER_REZFLAGS = "";
				PRODUCT_NAME = ZERO_CHECK;
				SECTORDER_FLAGS = "";
				SYMROOT = "/Users/macbook/Udacity/SelfDriving/Term3/CarND-Path-Planning-Project";
				USE_HEADERMAP = NO;
				WARNING_CFLAGS = ("-Wmost","-Wno-four-char-constants","-Wno-unknown-pragmas","$(inherited)");
			};
			name = RelWithDebInfo;
		};
		8506C5C329CB49B99125CE91 /* MinSizeRel */ = {
			isa = XCBuildConfiguration;
			buildSettings = {
				ONLY_ACTIVE_ARCH = YES;
				SDKROOT = /Applications/Xcode.app/Contents/Developer/Platforms/MacOSX.platform/Developer/SDKs/MacOSX10.13.sdk;
				SYMROOT = "/Users/macbook/Udacity/SelfDriving/Term3/CarND-Path-Planning-Project/build";
			};
			name = MinSizeRel;
		};
		87E4F89D7B3048BAA0A2C308 /* Debug */ = {
			isa = XCBuildConfiguration;
			buildSettings = {
				COMBINE_HIDPI_IMAGES = YES;
				GCC_GENERATE_DEBUGGING_SYMBOLS = YES;
				GCC_INLINES_ARE_PRIVATE_EXTERN = NO;
				GCC_OPTIMIZATION_LEVEL = 0;
				GCC_PREPROCESSOR_DEFINITIONS = ("'CMAKE_INTDIR=\"$(CONFIGURATION)$(EFFECTIVE_PLATFORM_NAME)\"'");
				GCC_SYMBOLS_PRIVATE_EXTERN = NO;
				HEADER_SEARCH_PATHS = (/usr/local/include,/usr/local/opt/openssl/include);
				INSTALL_PATH = "";
				OTHER_LDFLAGS = " ";
				OTHER_REZFLAGS = "";
				PRODUCT_NAME = ALL_BUILD;
				SECTORDER_FLAGS = "";
				SYMROOT = "/Users/macbook/Udacity/SelfDriving/Term3/CarND-Path-Planning-Project";
				USE_HEADERMAP = NO;
				WARNING_CFLAGS = ("-Wmost","-Wno-four-char-constants","-Wno-unknown-pragmas","$(inherited)");
			};
			name = Debug;
		};
		B69BB69447D74BF59CB00156 /* RelWithDebInfo */ = {
			isa = XCBuildConfiguration;
			buildSettings = {
				COMBINE_HIDPI_IMAGES = YES;
				EXECUTABLE_PREFIX = "";
				EXECUTABLE_SUFFIX = "";
				GCC_GENERATE_DEBUGGING_SYMBOLS = YES;
				GCC_INLINES_ARE_PRIVATE_EXTERN = NO;
				GCC_OPTIMIZATION_LEVEL = 2;
				GCC_PREPROCESSOR_DEFINITIONS = ("'CMAKE_INTDIR=\"$(CONFIGURATION)$(EFFECTIVE_PLATFORM_NAME)\"'");
				GCC_SYMBOLS_PRIVATE_EXTERN = NO;
				HEADER_SEARCH_PATHS = (/usr/local/include,/usr/local/opt/openssl/include);
				INSTALL_PATH = "";
				LD_RUNPATH_SEARCH_PATHS = "/usr/local/lib /usr/local/opt/openssl/lib /usr/local/Cellar/libuv/1.11.0/lib";
				LIBRARY_SEARCH_PATHS = " /usr/local/lib/$(CONFIGURATION)$(EFFECTIVE_PLATFORM_NAME) /usr/local/lib /usr/local/opt/openssl/lib/$(CONFIGURATION)$(EFFECTIVE_PLATFORM_NAME) /usr/local/opt/openssl/lib /usr/local/Cellar/libuv/1.11.0/lib/$(CONFIGURATION)$(EFFECTIVE_PLATFORM_NAME) /usr/local/Cellar/libuv/1.11.0/lib";
				OTHER_CPLUSPLUSFLAGS = "       -DNDEBUG   -std=c++11";
				OTHER_LDFLAGS = " -Wl,-search_paths_first -Wl,-headerpad_max_install_names  -lz -lssl -luv -luWS";
				OTHER_REZFLAGS = "";
				PRODUCT_NAME = path_planning;
				SECTORDER_FLAGS = "";
				SYMROOT = "/Users/macbook/Udacity/SelfDriving/Term3/CarND-Path-Planning-Project";
				USE_HEADERMAP = NO;
				WARNING_CFLAGS = ("-Wmost","-Wno-four-char-constants","-Wno-unknown-pragmas","$(inherited)");
			};
			name = RelWithDebInfo;
		};
		B742444A0A78482D9D8FC152 /* MinSizeRel */ = {
			isa = XCBuildConfiguration;
			buildSettings = {
				COMBINE_HIDPI_IMAGES = YES;
				GCC_GENERATE_DEBUGGING_SYMBOLS = YES;
				GCC_INLINES_ARE_PRIVATE_EXTERN = NO;
				GCC_OPTIMIZATION_LEVEL = 0;
				GCC_PREPROCESSOR_DEFINITIONS = ("'CMAKE_INTDIR=\"$(CONFIGURATION)$(EFFECTIVE_PLATFORM_NAME)\"'");
				GCC_SYMBOLS_PRIVATE_EXTERN = NO;
				HEADER_SEARCH_PATHS = (/usr/local/include,/usr/local/opt/openssl/include);
				INSTALL_PATH = "";
				OTHER_LDFLAGS = " ";
				OTHER_REZFLAGS = "";
				PRODUCT_NAME = ZERO_CHECK;
				SECTORDER_FLAGS = "";
				SYMROOT = "/Users/macbook/Udacity/SelfDriving/Term3/CarND-Path-Planning-Project";
				USE_HEADERMAP = NO;
				WARNING_CFLAGS = ("-Wmost","-Wno-four-char-constants","-Wno-unknown-pragmas","$(inherited)");
			};
			name = MinSizeRel;
		};
		C0A88815B19045A4BF1B3E68 /* Debug */ = {
			isa = XCBuildConfiguration;
			buildSettings = {
				COMBINE_HIDPI_IMAGES = YES;
				EXECUTABLE_PREFIX = "";
				EXECUTABLE_SUFFIX = "";
				GCC_GENERATE_DEBUGGING_SYMBOLS = YES;
				GCC_INLINES_ARE_PRIVATE_EXTERN = NO;
				GCC_OPTIMIZATION_LEVEL = 0;
				GCC_PREPROCESSOR_DEFINITIONS = ("'CMAKE_INTDIR=\"$(CONFIGURATION)$(EFFECTIVE_PLATFORM_NAME)\"'");
				GCC_SYMBOLS_PRIVATE_EXTERN = NO;
				HEADER_SEARCH_PATHS = (/usr/local/include,/usr/local/opt/openssl/include);
				INSTALL_PATH = "";
				LD_RUNPATH_SEARCH_PATHS = "/usr/local/lib /usr/local/opt/openssl/lib /usr/local/Cellar/libuv/1.11.0/lib";
				LIBRARY_SEARCH_PATHS = " /usr/local/lib/$(CONFIGURATION)$(EFFECTIVE_PLATFORM_NAME) /usr/local/lib /usr/local/opt/openssl/lib/$(CONFIGURATION)$(EFFECTIVE_PLATFORM_NAME) /usr/local/opt/openssl/lib /usr/local/Cellar/libuv/1.11.0/lib/$(CONFIGURATION)$(EFFECTIVE_PLATFORM_NAME) /usr/local/Cellar/libuv/1.11.0/lib";
				OTHER_CPLUSPLUSFLAGS = "     -std=c++11";
				OTHER_LDFLAGS = " -Wl,-search_paths_first -Wl,-headerpad_max_install_names  -lz -lssl -luv -luWS";
				OTHER_REZFLAGS = "";
				PRODUCT_NAME = path_planning;
				SECTORDER_FLAGS = "";
				SYMROOT = "/Users/macbook/Udacity/SelfDriving/Term3/CarND-Path-Planning-Project";
				USE_HEADERMAP = NO;
				WARNING_CFLAGS = ("-Wmost","-Wno-four-char-constants","-Wno-unknown-pragmas","$(inherited)");
			};
			name = Debug;
		};
		DC35EE0B0C784D6FAA7E5933 /* MinSizeRel */ = {
			isa = XCBuildConfiguration;
			buildSettings = {
				COMBINE_HIDPI_IMAGES = YES;
				EXECUTABLE_PREFIX = "";
				EXECUTABLE_SUFFIX = "";
				GCC_GENERATE_DEBUGGING_SYMBOLS = NO;
				GCC_INLINES_ARE_PRIVATE_EXTERN = NO;
				GCC_OPTIMIZATION_LEVEL = s;
				GCC_PREPROCESSOR_DEFINITIONS = ("'CMAKE_INTDIR=\"$(CONFIGURATION)$(EFFECTIVE_PLATFORM_NAME)\"'");
				GCC_SYMBOLS_PRIVATE_EXTERN = NO;
				HEADER_SEARCH_PATHS = (/usr/local/include,/usr/local/opt/openssl/include);
				INSTALL_PATH = "";
				LD_RUNPATH_SEARCH_PATHS = "/usr/local/lib /usr/local/opt/openssl/lib /usr/local/Cellar/libuv/1.11.0/lib";
				LIBRARY_SEARCH_PATHS = " /usr/local/lib/$(CONFIGURATION)$(EFFECTIVE_PLATFORM_NAME) /usr/local/lib /usr/local/opt/openssl/lib/$(CONFIGURATION)$(EFFECTIVE_PLATFORM_NAME) /usr/local/opt/openssl/lib /usr/local/Cellar/libuv/1.11.0/lib/$(CONFIGURATION)$(EFFECTIVE_PLATFORM_NAME) /usr/local/Cellar/libuv/1.11.0/lib";
				OTHER_CPLUSPLUSFLAGS = "    -DNDEBUG   -std=c++11";
				OTHER_LDFLAGS = " -Wl,-search_paths_first -Wl,-headerpad_max_install_names  -lz -lssl -luv -luWS";
				OTHER_REZFLAGS = "";
				PRODUCT_NAME = path_planning;
				SECTORDER_FLAGS = "";
				SYMROOT = "/Users/macbook/Udacity/SelfDriving/Term3/CarND-Path-Planning-Project";
				USE_HEADERMAP = NO;
				WARNING_CFLAGS = ("-Wmost","-Wno-four-char-constants","-Wno-unknown-pragmas","$(inherited)");
			};
			name = MinSizeRel;
		};
		DF88FEC53DF94593A64BA169 /* RelWithDebInfo */ = {
			isa = XCBuildConfiguration;
			buildSettings = {
				ONLY_ACTIVE_ARCH = YES;
				SDKROOT = /Applications/Xcode.app/Contents/Developer/Platforms/MacOSX.platform/Developer/SDKs/MacOSX10.13.sdk;
				SYMROOT = "/Users/macbook/Udacity/SelfDriving/Term3/CarND-Path-Planning-Project/build";
			};
			name = RelWithDebInfo;
		};
		E0AEC2D701BC4BA7BBDF7AA9 /* Release */ = {
			isa = XCBuildConfiguration;
			buildSettings = {
				COMBINE_HIDPI_IMAGES = YES;
				GCC_GENERATE_DEBUGGING_SYMBOLS = YES;
				GCC_INLINES_ARE_PRIVATE_EXTERN = NO;
				GCC_OPTIMIZATION_LEVEL = 0;
				GCC_PREPROCESSOR_DEFINITIONS = ("'CMAKE_INTDIR=\"$(CONFIGURATION)$(EFFECTIVE_PLATFORM_NAME)\"'");
				GCC_SYMBOLS_PRIVATE_EXTERN = NO;
				HEADER_SEARCH_PATHS = (/usr/local/include,/usr/local/opt/openssl/include);
				INSTALL_PATH = "";
				OTHER_LDFLAGS = " ";
				OTHER_REZFLAGS = "";
				PRODUCT_NAME = ALL_BUILD;
				SECTORDER_FLAGS = "";
				SYMROOT = "/Users/macbook/Udacity/SelfDriving/Term3/CarND-Path-Planning-Project";
				USE_HEADERMAP = NO;
				WARNING_CFLAGS = ("-Wmost","-Wno-four-char-constants","-Wno-unknown-pragmas","$(inherited)");
			};
			name = Release;
		};
		F1700DC8C5614B64A382C736 /* MinSizeRel */ = {
			isa = XCBuildConfiguration;
			buildSettings = {
				COMBINE_HIDPI_IMAGES = YES;
				GCC_GENERATE_DEBUGGING_SYMBOLS = YES;
				GCC_INLINES_ARE_PRIVATE_EXTERN = NO;
				GCC_OPTIMIZATION_LEVEL = 0;
				GCC_PREPROCESSOR_DEFINITIONS = ("'CMAKE_INTDIR=\"$(CONFIGURATION)$(EFFECTIVE_PLATFORM_NAME)\"'");
				GCC_SYMBOLS_PRIVATE_EXTERN = NO;
				HEADER_SEARCH_PATHS = (/usr/local/include,/usr/local/opt/openssl/include);
				INSTALL_PATH = "";
				OTHER_LDFLAGS = " ";
				OTHER_REZFLAGS = "";
				PRODUCT_NAME = ALL_BUILD;
				SECTORDER_FLAGS = "";
				SYMROOT = "/Users/macbook/Udacity/SelfDriving/Term3/CarND-Path-Planning-Project";
				USE_HEADERMAP = NO;
				WARNING_CFLAGS = ("-Wmost","-Wno-four-char-constants","-Wno-unknown-pragmas","$(inherited)");
			};
			name = MinSizeRel;
		};
/* End XCBuildConfiguration section */

/* Begin XCConfigurationList section */
		05F33DAAAC4C49D9B5F62AE0 /* Build configuration list for PBXAggregateTarget "ALL_BUILD" */ = {
			isa = XCConfigurationList;
			buildConfigurations = (
				87E4F89D7B3048BAA0A2C308 /* Debug */,
				E0AEC2D701BC4BA7BBDF7AA9 /* Release */,
				F1700DC8C5614B64A382C736 /* MinSizeRel */,
				0445C45D975844A4A5BD060C /* RelWithDebInfo */,
			);
			defaultConfigurationIsVisible = 0;
			defaultConfigurationName = Debug;
		};
		0E4844C5163E42A084964E00 /* Build configuration list for PBXAggregateTarget "ZERO_CHECK" */ = {
			isa = XCConfigurationList;
			buildConfigurations = (
				5DCA76191E3E4246B7904C50 /* Debug */,
				113C939D44EE44A4AA508459 /* Release */,
				B742444A0A78482D9D8FC152 /* MinSizeRel */,
				7FAD7F7B4761470DB4C39775 /* RelWithDebInfo */,
			);
			defaultConfigurationIsVisible = 0;
			defaultConfigurationName = Debug;
		};
		E180A70F17644CC6AB83DB74 /* Build configuration list for PBXNativeTarget "path_planning" */ = {
			isa = XCConfigurationList;
			buildConfigurations = (
				C0A88815B19045A4BF1B3E68 /* Debug */,
				302B3EBAEC1349CD96E658AE /* Release */,
				DC35EE0B0C784D6FAA7E5933 /* MinSizeRel */,
				B69BB69447D74BF59CB00156 /* RelWithDebInfo */,
			);
			defaultConfigurationIsVisible = 0;
			defaultConfigurationName = Debug;
		};
		E6049DF838084D75BF042CD0 /* Build configuration list for PBXProject "Path_Planning" */ = {
			isa = XCConfigurationList;
			buildConfigurations = (
				40703917E09E4595A8CFF354 /* Debug */,
				3163029146C04C829B479584 /* Release */,
				8506C5C329CB49B99125CE91 /* MinSizeRel */,
				DF88FEC53DF94593A64BA169 /* RelWithDebInfo */,
			);
			defaultConfigurationIsVisible = 0;
			defaultConfigurationName = Debug;
		};
/* End XCConfigurationList section */
	};
	rootObject = 400D9F3DCDFD4A8082593598 /* Project object */;
}
